github.com/Masterminds/goutils v1.1.1 h1:5nUrii3FMTL5diU80unEVvNevw1nH4+ZV4DSLVJLSYI=
github.com/Masterminds/goutils v1.1.1/go.mod h1:8cTjp+g8YejhMuvIA5y2vz3BpJxksy863GQaJW2MFNU=
github.com/Masterminds/semver/v3 v3.1.1 h1:hLg3sBzpNErnxhQtUy/mmLR2I9foDujNK030IGemrRc=
github.com/Masterminds/semver/v3 v3.1.1/go.mod h1:VPu/7SZ7ePZ3QOrcuXROw5FAcLl4a0cBrbBpGY/8hQs=
github.com/Masterminds/sprig/v3 v3.2.1 h1:n6EPaDyLSvCEa3frruQvAiHuNp2dhBlMSmkEr+HuzGc=
github.com/Masterminds/sprig/v3 v3.2.1/go.mod h1:UoaO7Yp8KlPnJIYWTFkMaqPUYKTfGFPhxNuwnnxkKlk=
github.com/Microsoft/go-winio v0.5.2 h1:a9IhgEQBCUEk6QCdml9CiJGhAws+YwffDHEMp1VMrpA=
github.com/ProtonMail/go-crypto v0.0.0-20230217124315-7d5c6f04bbb8 h1:wPbRQzjjwFc0ih8puEVAOFGELsn1zoIIYdxvML7mDxA=
github.com/ProtonMail/go-crypto v0.0.0-20230217124315-7d5c6f04bbb8/go.mod h1:I0gYDMZ6Z5GRU7l58bNFSkPTFN6Yl12dsUlAZ8xy98g=
github.com/acomagu/bufpipe v1.0.4 h1:e3H4WUzM3npvo5uv95QuJM3cQspFNtFBzvJ2oNjKIDQ=
github.com/agext/levenshtein v1.2.3 h1:YB2fHEn0UJagG8T1rrWknE3ZQzWM06O8AMAatNn7lmo=
github.com/agext/levenshtein v1.2.3/go.mod h1:JEDfjyjHDjOF/1e4FlBE/PkbqA9OfWu2ki2W0IB5558=
github.com/apparentlymart/go-textseg/v12 v12.0.0/go.mod h1:S/4uRK2UtaQttw1GenVJEynmyUenKwP++x/+DdGV/Ec=
github.com/apparentlymart/go-textseg/v13 v13.0.0 h1:Y+KvPE1NYz0xl601PVImeQfFyEy6iT90AvPUL1NNfNw=
github.com/apparentlymart/go-textseg/v13 v13.0.0/go.mod h1:ZK2fH7c4NqDTLtiYLvIkEghdlcqw7yxLeM89kiTRPUo=
github.com/armon/go-radix v0.0.0-20180808171621-7fddfc383310 h1:BUAU3CGlLvorLI26FmByPp2eC2qla6E1Tw+scpcg/to=
github.com/armon/go-radix v0.0.0-20180808171621-7fddfc383310/go.mod h1:ufUuZ+zHj4x4TnLV4JWEpy2hxWSpsRywHrMgIH9cCH8=
github.com/aws/aws-sdk-go v1.45.27 h1:b+zOTPkAG4i2RvqPdHxkJZafmhhVaVHBp4r41Tu4I6U=
github.com/aws/aws-sdk-go v1.45.27/go.mod h1:aVsgQcEevwlmQ7qHE9I3h+dtQgpqhFB+i8Phjh7fkwI=
github.com/aws/aws-sdk-go-v2 v1.19.0/go.mod h1:uzbQtefpm44goOPmdKyAlXSNcwlRgF3ePWVW6EtJvvw=
github.com/aws/aws-sdk-go-v2 v1.21.2 h1:+LXZ0sgo8quN9UOKXXzAWRT3FWd4NxeXWOZom9pE7GA=
github.com/aws/aws-sdk-go-v2 v1.21.2/go.mod h1:ErQhvNuEMhJjweavOYhxVkn2RUx7kQXVATHrjKtxIpM=
github.com/aws/aws-sdk-go-v2/aws/protocol/eventstream v1.4.14 h1:Sc82v7tDQ/vdU1WtuSyzZ1I7y/68j//HJ6uozND1IDs=
github.com/aws/aws-sdk-go-v2/aws/protocol/eventstream v1.4.14/go.mod h1:9NCTOURS8OpxvoAVHq79LK81/zC78hfRWFn+aL0SPcY=
github.com/aws/aws-sdk-go-v2/config v1.18.28 h1:TINEaKyh1Td64tqFvn09iYpKiWjmHYrG1fa91q2gnqw=
github.com/aws/aws-sdk-go-v2/config v1.18.28/go.mod h1:nIL+4/8JdAuNHEjn/gPEXqtnS02Q3NXB/9Z7o5xE4+A=
github.com/aws/aws-sdk-go-v2/credentials v1.13.27 h1:dz0yr/yR1jweAnsCx+BmjerUILVPQ6FS5AwF/OyG1kA=
github.com/aws/aws-sdk-go-v2/credentials v1.13.27/go.mod h1:syOqAek45ZXZp29HlnRS/BNgMIW6uiRmeuQsz4Qh2UE=
github.com/aws/aws-sdk-go-v2/feature/ec2/imds v1.13.5/go.mod h1:Gj7tm95r+QsDoN2Fhuz/3npQvcZbkEf5mL70n3Xfluc=
github.com/aws/aws-sdk-go-v2/feature/ec2/imds v1.13.13 h1:PIktER+hwIG286DqXyvVENjgLTAwGgoeriLDD5C+YlQ=
github.com/aws/aws-sdk-go-v2/feature/ec2/imds v1.13.13/go.mod h1:f/Ib/qYjhV2/qdsf79H3QP/eRE4AkVyEf6sk7XfZ1tg=
github.com/aws/aws-sdk-go-v2/internal/configsources v1.1.35/go.mod h1:ipR5PvpSPqIqL5Mi82BxLnfMkHVbmco8kUwO2xrCi0M=
github.com/aws/aws-sdk-go-v2/internal/configsources v1.1.43 h1:nFBQlGtkbPzp/NjZLuFxRqmT91rLJkgvsEQs68h962Y=
github.com/aws/aws-sdk-go-v2/internal/configsources v1.1.43/go.mod h1:auo+PiyLl0n1l8A0e8RIeR8tOzYPfZZH/JNlrJ8igTQ=
github.com/aws/aws-sdk-go-v2/internal/endpoints/v2 v2.4.29/go.mod h1:M/eUABlDbw2uVrdAn+UsI6M727qp2fxkp8K0ejcBDUY=
github.com/aws/aws-sdk-go-v2/internal/endpoints/v2 v2.4.37 h1:JRVhO25+r3ar2mKGP7E0LDl8K9/G36gjlqca5iQbaqc=
github.com/aws/aws-sdk-go-v2/internal/endpoints/v2 v2.4.37/go.mod h1:Qe+2KtKml+FEsQF/DHmDV+xjtche/hwoF75EG4UlHW8=
github.com/aws/aws-sdk-go-v2/internal/ini v1.3.36 h1:8r5m1BoAWkn0TDC34lUculryf7nUF25EgIMdjvGCkgo=
github.com/aws/aws-sdk-go-v2/internal/ini v1.3.36/go.mod h1:Rmw2M1hMVTwiUhjwMoIBFWFJMhvJbct06sSidxInkhY=
github.com/aws/aws-sdk-go-v2/service/accessanalyzer v1.21.2 h1:5R7Sl/DwDC4nPrlGErsMf5XFCcnJ/l8UY6xLHb3siVI=
github.com/aws/aws-sdk-go-v2/service/accessanalyzer v1.21.2/go.mod h1:VJG7AGbDMjEYpFSgwbBcAUT5W64siPAgnrNZViNKz8k=
github.com/aws/aws-sdk-go-v2/service/account v1.11.7 h1:77Y0z87uZbG7R3djQJhxLetw6dES7F2W3vmcXIMa0mc=
github.com/aws/aws-sdk-go-v2/service/account v1.11.7/go.mod h1:hIGpFtNvJLOEDfp9hqnRVYfah6i9JDKqpyh/EGxDw1U=
github.com/aws/aws-sdk-go-v2/service/acm v1.19.2 h1:M+BY1Sk+AcWg596Nz3MMX630a3vposBFDaTan+UD/Kk=
github.com/aws/aws-sdk-go-v2/service/acm v1.19.2/go.mod h1:Zx0vrYeKZEZIPnggUx09FdoXze1+2i6Od+lHsG/L3vU=
github.com/aws/aws-sdk-go-v2/service/appconfig v1.21.2 h1:J0OmY99LItcxPA/82K8BqsVkKQNNs3hit6Jr3OAEs0U=
github.com/aws/aws-sdk-go-v2/service/appconfig v1.21.2/go.mod h1:7bTOwXFz4+VxkDVB26d7TAhFKloGA3EtwtLAydyv1ek=
github.com/aws/aws-sdk-go-v2/service/auditmanager v1.27.0 h1:pz81qsD+FxrrHOaNrfGSWbQ4cU6Dxj2I5tvlrLmgCUE=
github.com/aws/aws-sdk-go-v2/service/auditmanager v1.27.0/go.mod h1:zEDWBhc3yodpWk3ZLDNPlTOZGNx0bGx90XQma07xR1Q=
github.com/aws/aws-sdk-go-v2/service/cleanrooms v1.4.2 h1:qt0XqbZAU+ZnaqQqvuafocTm/KPKIxf0GPRObbMvhGc=
github.com/aws/aws-sdk-go-v2/service/cleanrooms v1.4.2/go.mod h1:bbDwGddkt+EcDTY6PuJVKyXesjbQ61r7erTlBm+tIy4=
github.com/aws/aws-sdk-go-v2/service/cloudcontrol v1.12.7 h1:XbzkTIZi+VwbpQHnWdSCPlnhKQo8upmObVHLBcJVx5s=
github.com/aws/aws-sdk-go-v2/service/cloudcontrol v1.12.7/go.mod h1:UES6/e6TFF6cpex9s9ks+Zuup3Vf9HcL8kpcDXEV0QI=
github.com/aws/aws-sdk-go-v2/service/cloudwatchlogs v1.24.2 h1:g2t+hNCOYWICWs0cQLXk86DnXQMXgx1omrAGEpF/d68=
github.com/aws/aws-sdk-go-v2/service/cloudwatchlogs v1.24.2/go.mod h1:5ngOUsc/7/voqXQ5Mn5T5l9/rWopTMgu7hk+4Fl2AS4=
github.com/aws/aws-sdk-go-v2/service/codecatalyst v1.5.7 h1:d2tImK3KffYtFb0xVY4CQM0dqgGxxqB8HhlImdTVp7g=
github.com/aws/aws-sdk-go-v2/service/codecatalyst v1.5.7/go.mod h1:mbPhpQ0SRnwxVDYqHOLny+X3QozY1DBPbhBvtYtTlCw=
github.com/aws/aws-sdk-go-v2/service/comprehend v1.25.7 h1:x03mvMDVDdvH/Xk+U7kLaQJ3eA7kSYr0t5lbZgi0bnk=
github.com/aws/aws-sdk-go-v2/service/comprehend v1.25.7/go.mod h1:zvkBeCgksf5F/XOlNY6g34QOlo1dOUne9okw6gznZAI=
github.com/aws/aws-sdk-go-v2/service/computeoptimizer v1.27.2 h1:X9F5HmF5GELOsSwdu0cJFviemuVHqteYIIfpZZ7yvEI=
github.com/aws/aws-sdk-go-v2/service/computeoptimizer v1.27.2/go.mod h1:if6fmhug8f0CUqd7xHbxY8VsgLPRRXAs26/sbVJT9wc=
github.com/aws/aws-sdk-go-v2/service/directoryservice v1.18.7 h1:LC7t9aJhYs90DVlkbWNv0hRLkH5M5Upe936paKhl2Hw=
github.com/aws/aws-sdk-go-v2/service/directoryservice v1.18.7/go.mod h1:2m0QmkUL+PSwJ74GY+5xR3rgDUmjg9W629PMxsLvG68=
github.com/aws/aws-sdk-go-v2/service/docdbelastic v1.3.2 h1:PhSKGmHpNQ4zRWPd36fquIbrxRlp0ia8S7O3gR4ah74=
github.com/aws/aws-sdk-go-v2/service/docdbelastic v1.3.2/go.mod h1:JE7FKd3vLDLXxZK48NYQQNnMkqalW0TYYDYMtXO7AK4=
github.com/aws/aws-sdk-go-v2/service/ec2 v1.125.0 h1:XnUTMYuPGOrQjlTcf9XoRYBLrN7xjzakkK0+QyP8fO0=
github.com/aws/aws-sdk-go-v2/service/ec2 v1.125.0/go.mod h1:raUdIDoNuDPn9dMG3cCmIm8RoWOmZUqQPzuw8xpmB8Y=
github.com/aws/aws-sdk-go-v2/service/emrserverless v1.11.2 h1:diyMrawOZ56CavFS//UFFjk2LY1ooXeTqAecXsjtXwI=
github.com/aws/aws-sdk-go-v2/service/emrserverless v1.11.2/go.mod h1:ZrmnnT6zI3+0XsQIGCu/vXhIFk4Vwu4WKqeMDSzm4z4=
github.com/aws/aws-sdk-go-v2/service/finspace v1.12.3 h1:Y7q3fcyKWhmtmQyZQPLO0oSuR95ypdIhpTkRULg26/Y=
github.com/aws/aws-sdk-go-v2/service/finspace v1.12.3/go.mod h1:TKYYw/RwUTrm8/6qRvxtNZpAfzPJ0zrUJAWOrrreCpQ=
github.com/aws/aws-sdk-go-v2/service/fis v1.16.2 h1:xF0M2Psxq96eDH68AswIe13jb2fvlMM9criypoQKotY=
github.com/aws/aws-sdk-go-v2/service/fis v1.16.2/go.mod h1:zLKsp8cB3L0gqEW4d8NG1cZwQeczg4HqqLm5/b9d8rs=
github.com/aws/aws-sdk-go-v2/service/glacier v1.16.2 h1:3e1Y17V637Qx/9rZJZFpC1FR/lL3Js9IFwZCWCkxiIo=
github.com/aws/aws-sdk-go-v2/service/glacier v1.16.2/go.mod h1:W5b9hqb4sCTIBOacfItRmL72QzvB2Qasq5tmJfn9BlQ=
github.com/aws/aws-sdk-go-v2/service/healthlake v1.17.7 h1:785/FmKD/qDYKW2adVxc4y3PIybe+U/qRI3zHe3quLw=
github.com/aws/aws-sdk-go-v2/service/healthlake v1.17.7/go.mod h1:HJh0/bNoBvtnowJ2m8TimynLgAfhuxSVw+tz7eorxQw=
github.com/aws/aws-sdk-go-v2/service/iam v1.21.1 h1:VTCWgsrromZqnlRgfziqqWWcW7LFkQLwJVYgf/5zgWA=
github.com/aws/aws-sdk-go-v2/service/iam v1.21.1/go.mod h1:LBsjrFczXiQLASO6FtDGTeHuZh6oHuIH6VKaOozFghg=
github.com/aws/aws-sdk-go-v2/service/identitystore v1.18.4 h1:ubNPVqOVw+TJ6jLfXxbchjRmWiQ5WLXi/c35/1XHqeQ=
github.com/aws/aws-sdk-go-v2/service/identitystore v1.18.4/go.mod h1:iCXR+ssQIxKT/EqO2G2UD2ZY9XiZxC3LO3o5W6VeKQA=
github.com/aws/aws-sdk-go-v2/service/inspector2 v1.17.0 h1:QyhIBKR2ybHeRXAiKlvRo4uLZoT0pcGS7Cc6KmLpW68=
github.com/aws/aws-sdk-go-v2/service/inspector2 v1.17.0/go.mod h1:wpOdgJi4x/PBXWpoSM4QRcqJomrSRf8Ynke8g5D3Tco=
github.com/aws/aws-sdk-go-v2/service/internal/endpoint-discovery v1.7.37 h1:4LoizcvPT9A0tiAFhepxn0bGZXkzvN0pG0epydY3Pno=
github.com/aws/aws-sdk-go-v2/service/internal/endpoint-discovery v1.7.37/go.mod h1:7xBUZyP6LeLc+5Ym9PG7atqw4sR28sBtYcHETik+bPE=
github.com/aws/aws-sdk-go-v2/service/internal/presigned-url v1.9.29/go.mod h1:fDbkK4o7fpPXWn8YAPmTieAMuB9mk/VgvW64uaUqxd4=
github.com/aws/aws-sdk-go-v2/service/internal/presigned-url v1.9.37 h1:WWZA/I2K4ptBS1kg0kV1JbBtG/umed0vwHRrmcr9z7k=
github.com/aws/aws-sdk-go-v2/service/internal/presigned-url v1.9.37/go.mod h1:vBmDnwWXWxNPFRMmG2m/3MKOe+xEcMDo1tanpaWCcck=
github.com/aws/aws-sdk-go-v2/service/internal/s3shared v1.15.6 h1:9ulSU5ClouoPIYhDQdg9tpl83d5Yb91PXTKK+17q+ow=
github.com/aws/aws-sdk-go-v2/service/internal/s3shared v1.15.6/go.mod h1:lnc2taBsR9nTlz9meD+lhFZZ9EWY712QHrRflWpTcOA=
github.com/aws/aws-sdk-go-v2/service/internetmonitor v1.6.2 h1:JD5IUr3CejC0kGxvnU8dxkl2k383n94QdUcxb2Vt+Nw=
github.com/aws/aws-sdk-go-v2/service/internetmonitor v1.6.2/go.mod h1:Dj1bgHF1Ikb61w1D9bXLypZfPD9vwojs7DUe+wurCL0=
github.com/aws/aws-sdk-go-v2/service/ivschat v1.6.2 h1:fs5s2FluB+7MxT9ciRYrYQjfPxfFAakFfHS+KpscQx4=
github.com/aws/aws-sdk-go-v2/service/ivschat v1.6.2/go.mod h1:ZMkzeFf1mD4t/D0astNbbdGBXrY6Xn0CqcQfq7znfao=
github.com/aws/aws-sdk-go-v2/service/kendra v1.43.2 h1:ZIxZaXHycy8UimNUqGj1Npel54KMcPWHBZcz0C1LyyA=
github.com/aws/aws-sdk-go-v2/service/kendra v1.43.2/go.mod h1:/OvU9HvHY03NYNI01IXJO8LLK/7AQOsK87byCDE+pQc=
github.com/aws/aws-sdk-go-v2/service/keyspaces v1.4.7 h1:2CSLIVJSGMa5S6Og4M/Nx9AZLOs0xJVX/qmcj4YRL4E=
github.com/aws/aws-sdk-go-v2/service/keyspaces v1.4.7/go.mod h1:s42chwUVdTwyeMFLFJ3RZVx/cQ8X2791JqHeKs39OcE=
github.com/aws/aws-sdk-go-v2/service/lambda v1.40.0 h1:M5NR3l0p/+8H0Ers+e2iKIwi2YmifUMgdTtEjZnwTeU=
github.com/aws/aws-sdk-go-v2/service/lambda v1.40.0/go.mod h1:kFs07FNyTowZkz+dGBR33xJbzGs2mkC5Kfm6/lyR5CA=
github.com/aws/aws-sdk-go-v2/service/lightsail v1.28.7 h1:NdIzvYLlzuI+XQOe+zeZjvOb5v2aQkij7UZb1sunFBA=
github.com/aws/aws-sdk-go-v2/service/lightsail v1.28.7/go.mod h1:u2yl3D9ygNXthorLQOj2wmMPSxWBGZ+XTlkVbsK2Bh8=
github.com/aws/aws-sdk-go-v2/service/medialive v1.37.2 h1:C1Gzy5Y4BlkJDIf2efW3F/PVGiXsJTtAzJ40aCOHVXg=
github.com/aws/aws-sdk-go-v2/service/medialive v1.37.2/go.mod h1:lINBgPiWIs+HmltgiBaphp9vb6ARUbxqkf2iV5RG71s=
github.com/aws/aws-sdk-go-v2/service/mediapackage v1.23.5 h1:ZlGt4WjWSHkSATHSIMqqthfg6u3o6o0W2Cc9Do0yg+E=
github.com/aws/aws-sdk-go-v2/service/mediapackage v1.23.5/go.mod h1:DX1RiU0NNEEKHsi6Qx17XICo4R63yV6ED8HRQXqZzRM=
github.com/aws/aws-sdk-go-v2/service/oam v1.4.2 h1:7yyahY9W1PT1f/YzJANF0Rcjt1iYv/Gfo1VVb5xMNlE=
github.com/aws/aws-sdk-go-v2/service/oam v1.4.2/go.mod h1:Xy10stQLwlkUqnDebKBrHJkiPgj4ifwo35kYwrSfhvI=
github.com/aws/aws-sdk-go-v2/service/opensearchserverless v1.5.2 h1:58RoS3VXfcd4yNaZeteWVsTRPGVoIMm+BOP8Yaqp0yI=
github.com/aws/aws-sdk-go-v2/service/opensearchserverless v1.5.2/go.mod h1:FYUH57MkKKdCtmW/e7AVL4IDHdMA/u3N6yCkvcXlehM=
github.com/aws/aws-sdk-go-v2/service/pipes v1.4.3 h1:OgaiJYVLvgbPP46LUzZW1u0huJaSN8dc7XlEwPfTDg0=
github.com/aws/aws-sdk-go-v2/service/pipes v1.4.3/go.mod h1:Q2dPlvCZoor/OzUVvQ3wLBOiSYGbEmXqSYYi6YaV5O0=
github.com/aws/aws-sdk-go-v2/service/pricing v1.21.9 h1:SlhalyLhNxYXFXORYs/mfuSlmDzSgt2e950VhYzieB4=
github.com/aws/aws-sdk-go-v2/service/pricing v1.21.9/go.mod h1:zynD2dnMorTN6tvTehY2L5mhOlxQkdI11djI1ljWQO4=
github.com/aws/aws-sdk-go-v2/service/qldb v1.16.7 h1:lLP/LlzaI67MXKfyTVLox6HBKgB4XN8Ml6C9jYbhLWQ=
github.com/aws/aws-sdk-go-v2/service/qldb v1.16.7/go.mod h1:po39i8aELtAKkN5FtMRzOhuOjEi6v/pwAS6FqRT4ags=
github.com/aws/aws-sdk-go-v2/service/rbin v1.10.2 h1:69qtIi4V7ehV07agrcPnZY6Pq6ZkW+LAInuvyql2rIw=
github.com/aws/aws-sdk-go-v2/service/rbin v1.10.2/go.mod h1:brD/m0i8L/zx56h8JRC1K+37C6fbom3boeSNPgY6t8M=
github.com/aws/aws-sdk-go-v2/service/rds v1.56.0 h1:H4VLq374EwXR0i2OcDyD4a5vBGKPYbd1bHyw184A6QQ=
github.com/aws/aws-sdk-go-v2/service/rds v1.56.0/go.mod h1:NNx09yR8B7z4I5xTt2rUq+5h2lmA9T9bbm7NME/74Ac=
github.com/aws/aws-sdk-go-v2/service/resourceexplorer2 v1.4.3 h1:HSCkOqof4ks93+7tTl/dRysP4uFhNv7SOgLwN9J32MU=
github.com/aws/aws-sdk-go-v2/service/resourceexplorer2 v1.4.3/go.mod h1:GsN589Hv8aU2bq3U4MCa4/O1McJC0SbBE+kLxAZ1xhI=
github.com/aws/aws-sdk-go-v2/service/rolesanywhere v1.3.8 h1:8UL7FZR1oUhQaSostFjWm4j4Wj3n46cER03dV5eGFWM=
github.com/aws/aws-sdk-go-v2/service/rolesanywhere v1.3.8/go.mod h1:kBa2hmvLufUsdBMtAKmN9X464w1X+wlhJazsvFO+2wQ=
github.com/aws/aws-sdk-go-v2/service/route53domains v1.17.5 h1:18p6+HD6xj5oOtDNi1XvW0PkZw/xticjOvSbIWFyw6I=
github.com/aws/aws-sdk-go-v2/service/route53domains v1.17.5/go.mod h1:BhMj1pZPuQfzuS96s4ScniYr9qhPwDMA19N4eWPM1Lg=
github.com/aws/aws-sdk-go-v2/service/s3control v1.33.2 h1:leQTMJgJevNcCcUVAHg0OePm/pgKKjHAHaBKkBwO0qg=
github.com/aws/aws-sdk-go-v2/service/s3control v1.33.2/go.mod h1:RCYpYoSEUpDfeQeZYHMFgY15cUNc/IbG06sF7IDSSO0=
github.com/aws/aws-sdk-go-v2/service/scheduler v1.3.2 h1:VYWFZZ2jYWRu0bZ5+nSJiToRrUd1MyQt5ox3MlA+VsU=
github.com/aws/aws-sdk-go-v2/service/scheduler v1.3.2/go.mod h1:vPsUqtS4023/mjhV5zyXUaGmCgBMomsPTPvJFhaPhZY=
github.com/aws/aws-sdk-go-v2/service/securitylake v1.7.2 h1:UWaB/MOz3+efoi5lbiqMGKlAQ13zM/N1RsU8oDoDp0k=
github.com/aws/aws-sdk-go-v2/service/securitylake v1.7.2/go.mod h1:bT7d8k/k7DbfzbDdOv4IiiBpvPiet4aDpocpxeB0AtQ=
github.com/aws/aws-sdk-go-v2/service/sesv2 v1.21.0 h1:4iHtFr1ZsqFJK03vJqaZFUcg2fJeiCTdnwuBH6U64os=
github.com/aws/aws-sdk-go-v2/service/sesv2 v1.21.0/go.mod h1:xrSmtekhLtdb13dQGTnGkCtuvk4tkS12m8UVtZn2NZE=
github.com/aws/aws-sdk-go-v2/service/signer v1.16.7 h1:dqT9OiL6KP8byHMxz3+VfVBrhYqe37lfD4hG6E2MtVU=
github.com/aws/aws-sdk-go-v2/service/signer v1.16.7/go.mod h1:vUcaaoXjmmxEXOyhhq4NyLB87H1hDjYoq9rhAEv7Ez4=
github.com/aws/aws-sdk-go-v2/service/ssm v1.38.2 h1:NMZiW2pbSW/PFCGT/J6R/8xaiFsF/SDdRN49q0NUhA8=
github.com/aws/aws-sdk-go-v2/service/ssm v1.38.2/go.mod h1:qpnJ98BgJ3YUEvHMgJ1OADwaOgqhgv0nxnqAjTKupeY=
github.com/aws/aws-sdk-go-v2/service/ssmcontacts v1.17.2 h1:2lPwcd4q0u9QYrt3DgitFx1OO0q/rrLMngTDUCJ59os=
github.com/aws/aws-sdk-go-v2/service/ssmcontacts v1.17.2/go.mod h1:AXw7Qt+vLe1WHqoyBmEnNBGXdKqP7h1aXM+y8Guipc4=
github.com/aws/aws-sdk-go-v2/service/ssmincidents v1.23.2 h1:UtLWhmsg8CQUcUH+XFDXu7btMcmkHvLujkr2YjPaJCY=
github.com/aws/aws-sdk-go-v2/service/ssmincidents v1.23.2/go.mod h1:MEWDMHSX38CfNrfa8j64GxgenjpySPOGDxyNIFEqwr4=
github.com/aws/aws-sdk-go-v2/service/sso v1.12.13 h1:sWDv7cMITPcZ21QdreULwxOOAmE05JjEsT6fCDtDA9k=
github.com/aws/aws-sdk-go-v2/service/sso v1.12.13/go.mod h1:DfX0sWuT46KpcqbMhJ9QWtxAIP1VozkDWf8VAkByjYY=
github.com/aws/aws-sdk-go-v2/service/ssooidc v1.14.13 h1:BFubHS/xN5bjl818QaroN6mQdjneYQ+AOx44KNXlyH4=
github.com/aws/aws-sdk-go-v2/service/ssooidc v1.14.13/go.mod h1:BzqsVVFduubEmzrVtUFQQIQdFqvUItF8XUq2EnS8Wog=
github.com/aws/aws-sdk-go-v2/service/sts v1.19.3 h1:e5mnydVdCVWxP+5rPAGi2PYxC7u2OZgH1ypC114H04U=
github.com/aws/aws-sdk-go-v2/service/sts v1.19.3/go.mod h1:yVGZA1CPkmUhBdA039jXNJJG7/6t+G+EBWmFq23xqnY=
github.com/aws/aws-sdk-go-v2/service/swf v1.17.5 h1:MR6A/XkUKAkaRuUiuLHcZPgjCB+o9iRxBBSym7pVDek=
github.com/aws/aws-sdk-go-v2/service/swf v1.17.5/go.mod h1:yQR+w4YfnXyKeDIIFX3tDZ1wndz+VESqcEJN5cFIjSI=
github.com/aws/aws-sdk-go-v2/service/timestreamwrite v1.19.2 h1:ppsskGhrtUfE07a5EQpIjneB3gDcOxUI3gByyLh87QI=
github.com/aws/aws-sdk-go-v2/service/timestreamwrite v1.19.2/go.mod h1:7bY9UbR+qbrj3nSV1IxGol1OLA1fM5dZQ4y97FF1zvA=
github.com/aws/aws-sdk-go-v2/service/transcribe v1.29.0 h1:kTRJ0ZloHKzGchHa5REs7pGVeaxqR00r5R5TOKQE6rU=
github.com/aws/aws-sdk-go-v2/service/transcribe v1.29.0/go.mod h1:JfI0OCCqM779RRoXNL8829r6i9ItxodDcm8VjA9uifY=
github.com/aws/aws-sdk-go-v2/service/verifiedpermissions v1.2.3 h1:h0VXgAbJygeRqj4Mp4KJfrS7DoiI2EUxnXxTWBQ559c=
github.com/aws/aws-sdk-go-v2/service/verifiedpermissions v1.2.3/go.mod h1:mbAnBP22I0U/b2iK7aQKvv7FlWgF+YScoLoOw7njjt0=
github.com/aws/aws-sdk-go-v2/service/vpclattice v1.2.2 h1:EBqXw8PnMWXoWgSuoM1KgzCHZw7RCmOFJOrFZNv8wdM=
github.com/aws/aws-sdk-go-v2/service/vpclattice v1.2.2/go.mod h1:RQBqiF63AQ7bu3qVkreCMIQtnodEafCbCsMM3GK6FSQ=
github.com/aws/aws-sdk-go-v2/service/workspaces v1.31.2 h1:TSNULCd3m8MNgekmxnfsa5yqZ5Iw6KzHaltjkss0raM=
github.com/aws/aws-sdk-go-v2/service/workspaces v1.31.2/go.mod h1:/RuGfv7gjDalR0ep9ZwiPTkLVrlGX65VDubzeTssrE4=
github.com/aws/aws-sdk-go-v2/service/xray v1.19.0 h1:zdUpJfisSUxtf+xrcAJnGaZHjLy3nUMZX3swoyGMYK0=
github.com/aws/aws-sdk-go-v2/service/xray v1.19.0/go.mod h1:FVEAranUTitntkgI5wg0kQofo6y2O5clJixXTJA2zqU=
github.com/aws/smithy-go v1.13.5/go.mod h1:Tg+OJXh4MB2R/uN61Ko2f6hTZwB/ZYGOtib8J3gBHzA=
github.com/aws/smithy-go v1.15.0 h1:PS/durmlzvAFpQHDs4wi4sNNP9ExsqZh6IlfdHXgKK8=
github.com/aws/smithy-go v1.15.0/go.mod h1:Tg+OJXh4MB2R/uN61Ko2f6hTZwB/ZYGOtib8J3gBHzA=
github.com/beevik/etree v1.2.0 h1:l7WETslUG/T+xOPs47dtd6jov2Ii/8/OjCldk5fYfQw=
github.com/beevik/etree v1.2.0/go.mod h1:aiPf89g/1k3AShMVAzriilpcE4R/Vuor90y83zVZWFc=
github.com/bgentry/speakeasy v0.1.0 h1:ByYyxL9InA1OWqxJqqp2A5pYHUrCiAL6K3J+LKSsQkY=
github.com/bgentry/speakeasy v0.1.0/go.mod h1:+zsyZBPWlz7T6j88CTgSN5bM796AkVf0kBD4zp0CCIs=
github.com/boombuler/barcode v1.0.1-0.20190219062509-6c824513bacc h1:biVzkmvwrH8WK8raXaxBx6fRVTlJILwEwQGL1I/ByEI=
github.com/boombuler/barcode v1.0.1-0.20190219062509-6c824513bacc/go.mod h1:paBWMcWSl3LHKBqUq+rly7CNSldXjb2rDl3JlRe0mD8=
github.com/bwesterb/go-ristretto v1.2.0/go.mod h1:fUIoIZaG73pV5biE2Blr2xEzDoMj7NFEuV9ekS419A0=
github.com/cloudflare/circl v1.1.0/go.mod h1:prBCrKB9DV4poKZY1l9zBXg2QJY7mvgRvtMxxK7fi4I=
github.com/cloudflare/circl v1.3.3 h1:fE/Qz0QdIGqeWfnwq0RE0R7MI51s0M2E4Ga9kq5AEMs=
github.com/cloudflare/circl v1.3.3/go.mod h1:5XYMA4rFBvNIrhs50XuiBJ15vF2pZn4nnUKZrLbUZFA=
github.com/creack/pty v1.1.9/go.mod h1:oKZEueFk5CKHvIhNR5MUki03XCEU+Q6VDXinZuGJ33E=
github.com/davecgh/go-spew v1.1.0/go.mod h1:J7Y8YcW2NihsgmVo/mv3lAwl/skON4iLHjSsI+c5H38=
github.com/davecgh/go-spew v1.1.1 h1:vj9j/u1bqnvCEfJOwUhtlOARqs3+rkHYY13jYWTU97c=
github.com/davecgh/go-spew v1.1.1/go.mod h1:J7Y8YcW2NihsgmVo/mv3lAwl/skON4iLHjSsI+c5H38=
github.com/emirpasic/gods v1.18.1 h1:FXtiHYKDGKCW2KzwZKx0iC0PQmdlorYgdFG9jPXJ1Bc=
github.com/evanphx/json-patch v0.5.2 h1:xVCHIVMUu1wtM/VkR9jVZ45N3FhZfYMMYGorLCR8P3k=
github.com/evanphx/json-patch v0.5.2/go.mod h1:ZWS5hhDbVDyob71nXKNL0+PWn6ToqBHMikGIFbs31qQ=
github.com/fatih/color v1.7.0/go.mod h1:Zm6kSWBoL9eyXnKyktHP6abPY2pDugNf5KwzbycvMj4=
github.com/fatih/color v1.13.0/go.mod h1:kLAiJbzzSOZDVNGyDpeOxJ47H46qBXwg5ILebYFFOfk=
github.com/fatih/color v1.15.0 h1:kOqh6YHBtK8aywxGerMG2Eq3H6Qgoqeo13Bk2Mv/nBs=
github.com/fatih/color v1.15.0/go.mod h1:0h5ZqXfHYED7Bhv2ZJamyIOUej9KtShiJESRwBDUSsw=
github.com/go-git/gcfg v1.5.0 h1:Q5ViNfGF8zFgyJWPqYwA7qGFoMTEiBmdlkcfRmpIMa4=
github.com/go-git/go-billy/v5 v5.4.1 h1:Uwp5tDRkPr+l/TnbHOQzp+tmJfLceOlbVucgpTz8ix4=
github.com/go-git/go-git/v5 v5.6.1 h1:q4ZRqQl4pR/ZJHc1L5CFjGA1a10u76aV1iC+nh+bHsk=
github.com/go-test/deep v1.0.3 h1:ZrJSEWsXzPOxaZnFteGEfooLba+ju3FYIbOrS+rQd68=
github.com/golang/protobuf v1.1.0/go.mod h1:6lQm79b+lXiMfvg/cZm0SGofjICqVBUtrP5yJMmIC1U=
github.com/golang/protobuf v1.3.1/go.mod h1:6lQm79b+lXiMfvg/cZm0SGofjICqVBUtrP5yJMmIC1U=
github.com/golang/protobuf v1.5.0/go.mod h1:FsONVRAS9T7sI+LIUmWTfcYkHO4aIWwzhcaSAoJOfIk=
github.com/golang/protobuf v1.5.3 h1:KhyjKVUg7Usr/dYsdSqoFveMYd5ko72D+zANwlG1mmg=
github.com/golang/protobuf v1.5.3/go.mod h1:XVQd3VNwM+JqD3oG2Ue2ip4fOMUkwXdXDdiuN0vRsmY=
github.com/google/go-cmp v0.3.1/go.mod h1:8QqcDgzrUqlUb/G2PQTWiueGozuR1884gddMywk6iLU=
github.com/google/go-cmp v0.5.5/go.mod h1:v8dTdLbMG2kIc/vJvl+f65V22dbkXbowE6jgT/gNBxE=
github.com/google/go-cmp v0.5.8/go.mod h1:17dUlkBOakJ0+DkrSSNjCkIjxS6bF9zb3elmeNGIjoY=
github.com/google/go-cmp v0.5.9 h1:O2Tfq5qg4qc4AmwVlvv0oLiVAGB7enBSJ2x2DqQFi38=
github.com/google/go-cmp v0.5.9/go.mod h1:17dUlkBOakJ0+DkrSSNjCkIjxS6bF9zb3elmeNGIjoY=
github.com/google/uuid v1.1.1/go.mod h1:TIyPZe4MgqvfeYDBFedMoGGpEw/LqOeaOT+nhxU+yHo=
github.com/google/uuid v1.1.2/go.mod h1:TIyPZe4MgqvfeYDBFedMoGGpEw/LqOeaOT+nhxU+yHo=
github.com/google/uuid v1.3.0 h1:t6JiXgmwXMjEs8VusXIJk2BXHsn+wx8BZdTaoZ5fu7I=
github.com/google/uuid v1.3.0/go.mod h1:TIyPZe4MgqvfeYDBFedMoGGpEw/LqOeaOT+nhxU+yHo=
github.com/hashicorp/aws-cloudformation-resource-schema-sdk-go v0.21.0 h1:IUypt/TbXiJBkBbE3926CgnjD8IltAitdn7Yive61DY=
github.com/hashicorp/aws-cloudformation-resource-schema-sdk-go v0.21.0/go.mod h1:cdTE6F2pCKQobug+RqRaQp7Kz9hIEqiSvpPmb6E5G1w=
github.com/hashicorp/aws-sdk-go-base/v2 v2.0.0-beta.32 h1:ZkBqGzdgFExZhP/dFNPm1wgz8kw/fQwYLNjxZMzHz7w=
github.com/hashicorp/aws-sdk-go-base/v2 v2.0.0-beta.32/go.mod h1:YsIAxyM3YRbiAggDy640u+LcY9YghjHqUIfjrKLqC1s=
github.com/hashicorp/aws-sdk-go-base/v2/awsv1shim/v2 v2.0.0-beta.33 h1:KI3ePeqkiOWUY/4ACHJZ9MmajsBP0nIMAm2nekn/uoA=
github.com/hashicorp/aws-sdk-go-base/v2/awsv1shim/v2 v2.0.0-beta.33/go.mod h1:rX3WQy0aIZ7XdyvIhlwZZrjsd/mVm3KMBICTrInw0b0=
github.com/hashicorp/awspolicyequivalence v1.6.0 h1:7aadmkalbc5ewStC6g3rljx1iNvP4QyAhg2KsHx8bU8=
github.com/hashicorp/awspolicyequivalence v1.6.0/go.mod h1:9IOaIHx+a7C0NfUNk1A93M7kHd5rJ19aoUx37LZGC14=
github.com/hashicorp/errwrap v1.0.0/go.mod h1:YH+1FKiLXxHSkmPseP+kNlulaMuP3n2brvKWEqk/Jc4=
github.com/hashicorp/errwrap v1.1.0 h1:OxrOeh75EUXMY8TBjag2fzXGZ40LB6IKw45YeGUDY2I=
github.com/hashicorp/errwrap v1.1.0/go.mod h1:YH+1FKiLXxHSkmPseP+kNlulaMuP3n2brvKWEqk/Jc4=
github.com/hashicorp/go-checkpoint v0.5.0 h1:MFYpPZCnQqQTE18jFwSII6eUQrD/oxMFp3mlgcqk5mU=
github.com/hashicorp/go-checkpoint v0.5.0/go.mod h1:7nfLNL10NsxqO4iWuW6tWW0HjZuDrwkBuEQsVcpCOgg=
github.com/hashicorp/go-cleanhttp v0.5.0/go.mod h1:JpRdi6/HCYpAwUzNwuwqhbovhLtngrth3wmdIIUrZ80=
github.com/hashicorp/go-cleanhttp v0.5.2 h1:035FKYIWjmULyFRBKPs8TBQoi0x6d9G4xc9neXJWAZQ=
github.com/hashicorp/go-cleanhttp v0.5.2/go.mod h1:kO/YDlP8L1346E6Sodw+PrpBSV4/SoxCXGY6BqNFT48=
github.com/hashicorp/go-cty v1.4.1-0.20200414143053-d3edf31b6320 h1:1/D3zfFHttUKaCaGKZ/dR2roBXv0vKbSCnssIldfQdI=
github.com/hashicorp/go-cty v1.4.1-0.20200414143053-d3edf31b6320/go.mod h1:EiZBMaudVLy8fmjf9Npq1dq9RalhveqZG5w/yz3mHWs=
github.com/hashicorp/go-hclog v1.5.0 h1:bI2ocEMgcVlz55Oj1xZNBsVi900c7II+fWDyV9o+13c=
github.com/hashicorp/go-hclog v1.5.0/go.mod h1:W4Qnvbt70Wk/zYJryRzDRU/4r0kIg0PVHBcfoyhpF5M=
github.com/hashicorp/go-multierror v1.0.0/go.mod h1:dHtQlpGsu+cZNNAkkCN/P3hoUDHhCYQXV3UM06sGGrk=
github.com/hashicorp/go-multierror v1.1.1 h1:H5DkEtf6CXdFp0N0Em5UCwQpXMWke8IA0+lD48awMYo=
github.com/hashicorp/go-multierror v1.1.1/go.mod h1:iw975J/qwKPdAO1clOe2L8331t/9/fmwbPZ6JB6eMoM=
github.com/hashicorp/go-plugin v1.4.10 h1:xUbmA4jC6Dq163/fWcp8P3JuHilrHHMLNRxzGQJ9hNk=
github.com/hashicorp/go-plugin v1.4.10/go.mod h1:6/1TEzT0eQznvI/gV2CM29DLSkAK/e58mUWKVsPaph0=
github.com/hashicorp/go-uuid v1.0.0/go.mod h1:6SBZvOh/SIDV7/2o3Jml5SYk/TvGqwFJ/bN7x4byOro=
github.com/hashicorp/go-uuid v1.0.3 h1:2gKiV6YVmrJ1i2CKKa9obLvRieoRGviZFL26PcT/Co8=
github.com/hashicorp/go-uuid v1.0.3/go.mod h1:6SBZvOh/SIDV7/2o3Jml5SYk/TvGqwFJ/bN7x4byOro=
github.com/hashicorp/go-version v1.6.0 h1:feTTfFNnjP967rlCxM/I9g701jU+RN74YKx2mOkIeek=
github.com/hashicorp/go-version v1.6.0/go.mod h1:fltr4n8CU8Ke44wwGCBoEymUuxUHl09ZGVZPK5anwXA=
github.com/hashicorp/hc-install v0.5.2 h1:SfwMFnEXVVirpwkDuSF5kymUOhrUxrTq3udEseZdOD0=
github.com/hashicorp/hc-install v0.5.2/go.mod h1:9QISwe6newMWIfEiXpzuu1k9HAGtQYgnSH8H9T8wmoI=
github.com/hashicorp/hcl/v2 v2.17.0 h1:z1XvSUyXd1HP10U4lrLg5e0JMVz6CPaJvAgxM0KNZVY=
github.com/hashicorp/hcl/v2 v2.17.0/go.mod h1:gJyW2PTShkJqQBKpAmPO3yxMxIuoXkOF2TpqXzrQyx4=
github.com/hashicorp/logutils v1.0.0 h1:dLEQVugN8vlakKOUE3ihGLTZJRB4j+M2cdTm/ORI65Y=
github.com/hashicorp/logutils v1.0.0/go.mod h1:QIAnNjmIWmVIIkWDTG1z5v++HQmx9WQRO+LraFDTW64=
github.com/hashicorp/terraform-exec v0.18.1 h1:LAbfDvNQU1l0NOQlTuudjczVhHj061fNX5H8XZxHlH4=
github.com/hashicorp/terraform-exec v0.18.1/go.mod h1:58wg4IeuAJ6LVsLUeD2DWZZoc/bYi6dzhLHzxM41980=
github.com/hashicorp/terraform-json v0.17.1 h1:eMfvh/uWggKmY7Pmb3T85u86E2EQg6EQHgyRwf3RkyA=
github.com/hashicorp/terraform-json v0.17.1/go.mod h1:Huy6zt6euxaY9knPAFKjUITn8QxUFIe9VuSzb4zn/0o=
github.com/hashicorp/terraform-plugin-framework v1.3.4 h1:dOTLsALgmQu+PawAvhfGQ04H0MeIz3EZmBw7OFvj7qs=
github.com/hashicorp/terraform-plugin-framework v1.3.4/go.mod h1:2gGDpWiTI0irr9NSTLFAKlTi6KwGti3AoU19rFqU30o=
github.com/hashicorp/terraform-plugin-framework-timeouts v0.4.1 h1:gm5b1kHgFFhaKFhm4h2TgvMUlNzFAtUqlcOWnWPm+9E=
github.com/hashicorp/terraform-plugin-framework-timeouts v0.4.1/go.mod h1:MsjL1sQ9L7wGwzJ5RjcI6FzEMdyoBnw+XK8ZnOvQOLY=
github.com/hashicorp/terraform-plugin-framework-validators v0.11.0 h1:DKb1bX7/EPZUTW6F5zdwJzS/EZ/ycVD6JAW5RYOj4f8=
github.com/hashicorp/terraform-plugin-framework-validators v0.11.0/go.mod h1:dzxOiHh7O9CAwc6p8N4mR1H++LtRkl+u+21YNiBVNno=
github.com/hashicorp/terraform-plugin-go v0.18.0 h1:IwTkOS9cOW1ehLd/rG0y+u/TGLK9y6fGoBjXVUquzpE=
github.com/hashicorp/terraform-plugin-go v0.18.0/go.mod h1:l7VK+2u5Kf2y+A+742GX0ouLut3gttudmvMgN0PA74Y=
github.com/hashicorp/terraform-plugin-log v0.9.0 h1:i7hOA+vdAItN1/7UrfBqBwvYPQ9TFvymaRGZED3FCV0=
github.com/hashicorp/terraform-plugin-log v0.9.0/go.mod h1:rKL8egZQ/eXSyDqzLUuwUYLVdlYeamldAHSxjUFADow=
github.com/hashicorp/terraform-plugin-mux v0.11.2 h1:XMkAmWQN+6F+l4jwNeqdPom/8Vly6ZNDxHoKjiRHx5c=
github.com/hashicorp/terraform-plugin-mux v0.11.2/go.mod h1:qjoF/pI49rILSNQzKIuDtU+ZX9mpQD0B8YNE1GceLPc=
github.com/hashicorp/terraform-plugin-sdk/v2 v2.27.0 h1:I8efBnjuDrgPjNF1MEypHy48VgcTIUY4X6rOFunrR3Y=
github.com/hashicorp/terraform-plugin-sdk/v2 v2.27.0/go.mod h1:cUEP4ly/nxlHy5HzD6YRrHydtlheGvGRJDhiWqqVik4=
github.com/hashicorp/terraform-plugin-testing v1.4.0 h1:DVIXxw7VHZvnwWVik4HzhpC2yytaJ5FpiHxz5debKmE=
github.com/hashicorp/terraform-plugin-testing v1.4.0/go.mod h1:b7Bha24iGrbZQjT+ZE8m9crck1YjdVOZ8mfGCQ19OxA=
github.com/hashicorp/terraform-registry-address v0.2.1 h1:QuTf6oJ1+WSflJw6WYOHhLgwUiQ0FrROpHPYFtwTYWM=
github.com/hashicorp/terraform-registry-address v0.2.1/go.mod h1:BSE9fIFzp0qWsJUUyGquo4ldV9k2n+psif6NYkBRS3Y=
github.com/hashicorp/terraform-svchost v0.1.1 h1:EZZimZ1GxdqFRinZ1tpJwVxxt49xc/S52uzrw4x0jKQ=
github.com/hashicorp/terraform-svchost v0.1.1/go.mod h1:mNsjQfZyf/Jhz35v6/0LWcv26+X7JPS+buii2c9/ctc=
github.com/hashicorp/yamux v0.1.1 h1:yrQxtgseBDrq9Y652vSRDvsKCJKOUD+GzTS4Y0Y8pvE=
github.com/hashicorp/yamux v0.1.1/go.mod h1:CtWFDAQgb7dxtzFs4tWbplKIe2jSi3+5vKbgIO0SLnQ=
github.com/huandu/xstrings v1.3.1/go.mod h1:y5/lhBue+AyNmUVz9RLU9xbLR0o4KIIExikq4ovT0aE=
github.com/huandu/xstrings v1.3.2 h1:L18LIDzqlW6xN2rEkpdV8+oL/IXWJ1APd+vsdYy4Wdw=
github.com/huandu/xstrings v1.3.2/go.mod h1:y5/lhBue+AyNmUVz9RLU9xbLR0o4KIIExikq4ovT0aE=
github.com/imdario/mergo v0.3.11/go.mod h1:jmQim1M+e3UYxmgPu/WyfjB3N3VflVyUjjjwH0dnCYA=
github.com/imdario/mergo v0.3.13 h1:lFzP57bqS/wsqKssCGmtLAb8A0wKjLGrve2q3PPVcBk=
github.com/imdario/mergo v0.3.13/go.mod h1:4lJ1jqUDcsbIECGy0RUJAXNIhg+6ocWgb1ALK2O4oXg=
github.com/jbenet/go-context v0.0.0-20150711004518-d14ea06fba99 h1:BQSFePA1RWJOlocH6Fxy8MmwDt+yVQYULKfN0RoTN8A=
github.com/jessevdk/go-flags v1.4.0/go.mod h1:4FA24M0QyGHXBuZZK/XkWh8h0e1EYbRYJSGM75WSRxI=
github.com/jhump/protoreflect v1.6.0 h1:h5jfMVslIg6l29nsMs0D8Wj17RDVdNYti0vDN/PZZoE=
github.com/jmespath/go-jmespath v0.4.0 h1:BEgLn5cpjn8UN1mAw4NjwDrS35OdebyEtFe+9YPoQUg=
github.com/jmespath/go-jmespath v0.4.0/go.mod h1:T8mJZnbsbmF+m6zOOFylbeCJqk5+pHWvzYPziyZiYoo=
github.com/jmespath/go-jmespath/internal/testify v1.5.1 h1:shLQSRRSCCPj3f2gpwzGwWFoC7ycTf1rcQZHOlsJ6N8=
github.com/jmespath/go-jmespath/internal/testify v1.5.1/go.mod h1:L3OGu8Wl2/fWfCI6z80xFu9LTZmf1ZRjMHUOPmWr69U=
github.com/kevinburke/ssh_config v1.2.0 h1:x584FjTGwHzMwvHx18PXxbBVzfnxogHaAReU4gf13a4=
github.com/kr/pretty v0.1.0/go.mod h1:dAy3ld7l9f0ibDNOQOHHMYYIIbhfbHSm3C4ZsoJORNo=
github.com/kr/pretty v0.3.0 h1:WgNl7dwNpEZ6jJ9k1snq4pZsg7DOEN8hP9Xw0Tsjwk0=
github.com/kr/pretty v0.3.0/go.mod h1:640gp4NfQd8pI5XOwp5fnNeVWj67G7CFk/SaSQn7NBk=
github.com/kr/pty v1.1.1/go.mod h1:pFQYn66WHrOpPYNljwOMqo10TkYh1fy3cYio2l3bCsQ=
github.com/kr/text v0.1.0/go.mod h1:4Jbv+DJW3UT/LiOwJeYQe1efqtUx/iVham/4vfdArNI=
github.com/kr/text v0.2.0 h1:5Nx0Ya0ZqY2ygV366QzturHI13Jq95ApcVaJBhpS+AY=
github.com/kr/text v0.2.0/go.mod h1:eLer722TekiGuMkidMxC/pM04lWEeraHUUmBw8l2grE=
github.com/kylelemons/godebug v1.1.0 h1:RPNrshWIDI6G2gRW9EHilWtl7Z6Sb1BR0xunSBf0SNc=
github.com/mattbaird/jsonpatch v0.0.0-20200820163806-098863c1fc24 h1:uYuGXJBAi1umT+ZS4oQJUgKtfXCAYTR+n9zw1ViT0vA=
github.com/mattbaird/jsonpatch v0.0.0-20200820163806-098863c1fc24/go.mod h1:M1qoD/MqPgTZIk0EWKB38wE28ACRfVcn+cU08jyArI0=
github.com/mattn/go-colorable v0.0.9/go.mod h1:9vuHe8Xs5qXnSaW/c/ABM9alt+Vo+STaOChaDxuIBZU=
github.com/mattn/go-colorable v0.1.9/go.mod h1:u6P/XSegPjTcexA+o6vUJrdnUu04hMope9wVRipJSqc=
github.com/mattn/go-colorable v0.1.12/go.mod h1:u5H1YNBxpqRaxsYJYSkiCWKzEfiAb1Gb520KVy5xxl4=
github.com/mattn/go-colorable v0.1.13 h1:fFA4WZxdEF4tXPZVKMLwD8oUnCTTo08duU7wxecdEvA=
github.com/mattn/go-colorable v0.1.13/go.mod h1:7S9/ev0klgBDR4GtXTXX8a3vIGJpMovkB8vQcUbaXHg=
github.com/mattn/go-isatty v0.0.3/go.mod h1:M+lRXTBqGeGNdLjl/ufCoiOlB5xdOkqRJdNxMWT7Zi4=
github.com/mattn/go-isatty v0.0.12/go.mod h1:cbi8OIDigv2wuxKPP5vlRcQ1OAZbq2CE4Kysco4FUpU=
github.com/mattn/go-isatty v0.0.14/go.mod h1:7GGIvUiUoEMVVmxf/4nioHXj79iQHKdU27kJ6hsGG94=
github.com/mattn/go-isatty v0.0.16/go.mod h1:kYGgaQfpe5nmfYZH+SKPsOc2e4SrIfOl2e/yFXSvRLM=
github.com/mattn/go-isatty v0.0.17 h1:BTarxUcIeDqL27Mc+vyvdWYSL28zpIhv3RoTdsLMPng=
github.com/mattn/go-isatty v0.0.17/go.mod h1:kYGgaQfpe5nmfYZH+SKPsOc2e4SrIfOl2e/yFXSvRLM=
github.com/mitchellh/cli v1.1.5 h1:OxRIeJXpAMztws/XHlN2vu6imG5Dpq+j61AzAX5fLng=
github.com/mitchellh/cli v1.1.5/go.mod h1:v8+iFts2sPIKUV1ltktPXMCC8fumSKFItNcD2cLtRR4=
github.com/mitchellh/copystructure v1.0.0/go.mod h1:SNtv71yrdKgLRyLFxmLdkAbkKEFWgYaq1OVrnRcwhnw=
github.com/mitchellh/copystructure v1.2.0 h1:vpKXTN4ewci03Vljg/q9QvCGUDttBOGBIa15WveJJGw=
github.com/mitchellh/copystructure v1.2.0/go.mod h1:qLl+cE2AmVv+CoeAwDPye/v+N2HKCj9FbZEVFJRxO9s=
github.com/mitchellh/go-homedir v1.1.0 h1:lukF9ziXFxDFPkA1vsr5zpc1XuPDn/wFntq5mG+4E0Y=
github.com/mitchellh/go-homedir v1.1.0/go.mod h1:SfyaCUpYCn1Vlf4IUYiD9fPX4A5wJrkLzIz1N1q0pr0=
github.com/mitchellh/go-testing-interface v1.14.1 h1:jrgshOhYAUVNMAJiKbEu7EqAwgJJ2JqpQmpLJOu07cU=
github.com/mitchellh/go-testing-interface v1.14.1/go.mod h1:gfgS7OtZj6MA4U1UrDRp04twqAjfvlZyCfX3sDjEym8=
github.com/mitchellh/go-wordwrap v1.0.1 h1:TLuKupo69TCn6TQSyGxwI1EblZZEsQ0vMlAFQflz0v0=
github.com/mitchellh/go-wordwrap v1.0.1/go.mod h1:R62XHJLzvMFRBbcrT7m7WgmE1eOyTSsCt+hzestvNj0=
github.com/mitchellh/mapstructure v1.5.0 h1:jeMsZIYE/09sWLaz43PL7Gy6RuMjD2eJVyuac5Z2hdY=
github.com/mitchellh/mapstructure v1.5.0/go.mod h1:bFUtVrKA4DC2yAKiSyO/QUcy7e+RRV2QTWOzhPopBRo=
github.com/mitchellh/reflectwalk v1.0.0/go.mod h1:mSTlrgnPZtwu0c4WaC2kGObEpuNDbx0jmZXqmk4esnw=
github.com/mitchellh/reflectwalk v1.0.2 h1:G2LzWKi524PWgd3mLHV8Y5k7s6XUvT0Gef6zxSIeXaQ=
github.com/mitchellh/reflectwalk v1.0.2/go.mod h1:mSTlrgnPZtwu0c4WaC2kGObEpuNDbx0jmZXqmk4esnw=
github.com/oklog/run v1.1.0 h1:GEenZ1cK0+q0+wsJew9qUg/DyD8k3JzYsZAi5gYi2mA=
github.com/oklog/run v1.1.0/go.mod h1:sVPdnTZT1zYwAJeCMu2Th4T21pA3FPOQRfWjQlk7DVU=
github.com/pjbgf/sha1cd v0.3.0 h1:4D5XXmUUBUl/xQ6IjCkEAbqXskkq/4O7LmGn0AqMDs4=
github.com/pkg/errors v0.9.1 h1:FEBLx1zS214owpjy7qsBeixbURkuhQAwrK5UwLGTwt4=
github.com/pkg/errors v0.9.1/go.mod h1:bwawxfHBFNV+L2hUp1rHADufV3IMtnDRdf1r5NINEl0=
github.com/pmezard/go-difflib v1.0.0 h1:4DBwDE0NGyQoBHbLQYPwSUPoCMWR5BEzIk/f1lZbAQM=
github.com/pmezard/go-difflib v1.0.0/go.mod h1:iKH77koFhYxTK1pcRnkKkqfTogsbg7gZNVY4sRDYZ/4=
github.com/posener/complete v1.1.1 h1:ccV59UEOTzVDnDUEFdT95ZzHVZ+5+158q8+SJb2QV5w=
github.com/posener/complete v1.1.1/go.mod h1:em0nMJCgc9GFtwrmVmEMR/ZL6WyhyjMBndrE9hABlRI=
github.com/pquerna/otp v1.4.0 h1:wZvl1TIVxKRThZIBiwOOHOGP/1+nZyWBil9Y2XNEDzg=
github.com/pquerna/otp v1.4.0/go.mod h1:dkJfzwRKNiegxyNb54X/3fLwhCynbMspSyWKnvi1AEg=
github.com/rogpeppe/go-internal v1.6.1/go.mod h1:xXDCJY+GAPziupqXw64V24skbSoqbTEfhy4qGm1nDQc=
github.com/rogpeppe/go-internal v1.9.0 h1:73kH8U+JUqXU8lRuOHeVHaa/SZPifC7BkcraZVejAe8=
github.com/rogpeppe/go-internal v1.9.0/go.mod h1:WtVeX8xhTBvf0smdhujwtBcq4Qrzq/fJaraNFVN+nFs=
github.com/sergi/go-diff v1.2.0 h1:XU+rvMAioB0UC3q1MFrIQy4Vo5/4VsRDQQXHsEya6xQ=
github.com/shopspring/decimal v1.2.0/go.mod h1:DKyhrW/HYNuLGql+MJL6WCR6knT2jwCFRcu2hWCYk4o=
github.com/shopspring/decimal v1.3.1 h1:2Usl1nmF/WZucqkFZhnfFYxxxu8LG21F6nPQBE5gKV8=
github.com/shopspring/decimal v1.3.1/go.mod h1:DKyhrW/HYNuLGql+MJL6WCR6knT2jwCFRcu2hWCYk4o=
github.com/skeema/knownhosts v1.1.0 h1:Wvr9V0MxhjRbl3f9nMnKnFfiWTJmtECJ9Njkea3ysW0=
github.com/spf13/cast v1.3.1 h1:nFm6S0SMdyzrzcmThSipiEubIDy8WEXKNZ0UOgiRpng=
github.com/spf13/cast v1.3.1/go.mod h1:Qx5cxh0v+4UWYiBimWS+eyWzqEqokIECu5etghLkUJE=
github.com/stretchr/objx v0.1.0/go.mod h1:HFkY916IF+rwdDfMAkV7OtwuqBVzrE8GR6GFx+wExME=
github.com/stretchr/testify v1.2.2/go.mod h1:a8OnRcib4nhh0OaRAV+Yts87kKdq0PP7pXfy6kDkUVs=
github.com/stretchr/testify v1.3.0/go.mod h1:M5WIy9Dh21IEIfnGCwXGc5bZfKNJtfHm1UVUgZn+9EI=
github.com/stretchr/testify v1.5.1/go.mod h1:5W2xD1RspED5o8YsWQXVCued0rvSQ+mT+I5cxcmMvtA=
github.com/stretchr/testify v1.6.1/go.mod h1:6Fq8oRcR53rry900zMqJjRRixrwX3KX962/h/Wwjteg=
github.com/stretchr/testify v1.7.2/go.mod h1:R6va5+xMeoiuVRoj+gSkQ7d3FALtqAAGI1FQKckRals=
github.com/stretchr/testify v1.8.4 h1:CcVxjf3Q8PM0mHUKJCdn+eZZtm5yQwehR5yeSVQQcUk=
github.com/vmihailenco/msgpack v3.3.3+incompatible/go.mod h1:fy3FlTQTDXWkZ7Bh6AcGMlsjHatGryHQYUTf1ShIgkk=
github.com/vmihailenco/msgpack v4.0.4+incompatible h1:dSLoQfGFAo3F6OoNhwUmLwVgaUXK79GlxNBwueZn0xI=
github.com/vmihailenco/msgpack v4.0.4+incompatible/go.mod h1:fy3FlTQTDXWkZ7Bh6AcGMlsjHatGryHQYUTf1ShIgkk=
github.com/vmihailenco/msgpack/v5 v5.3.5 h1:5gO0H1iULLWGhs2H5tbAHIZTV8/cYafcFOr9znI5mJU=
github.com/vmihailenco/msgpack/v5 v5.3.5/go.mod h1:7xyJ9e+0+9SaZT0Wt1RGleJXzli6Q/V5KbhBonMG9jc=
github.com/vmihailenco/tagparser/v2 v2.0.0 h1:y09buUbR+b5aycVFQs/g70pqKVZNBmxwAhO7/IwNM9g=
github.com/vmihailenco/tagparser/v2 v2.0.0/go.mod h1:Wri+At7QHww0WTrCBeu4J6bNtoV6mEfg5OIWRZA9qds=
github.com/xanzy/ssh-agent v0.3.3 h1:+/15pJfg/RsTxqYcX6fHqOXZwwMP+2VyYWJeWM2qQFM=
github.com/xeipuuv/gojsonpointer v0.0.0-20180127040702-4e3ac2762d5f/go.mod h1:N2zxlSyiKSe5eX1tZViRH5QA0qijqEDrYZiPEAiq3wU=
github.com/xeipuuv/gojsonpointer v0.0.0-20190905194746-02993c407bfb h1:zGWFAtiMcyryUHoUjUJX0/lt1H2+i2Ka2n+D3DImSNo=
github.com/xeipuuv/gojsonpointer v0.0.0-20190905194746-02993c407bfb/go.mod h1:N2zxlSyiKSe5eX1tZViRH5QA0qijqEDrYZiPEAiq3wU=
github.com/xeipuuv/gojsonreference v0.0.0-20180127040603-bd5ef7bd5415 h1:EzJWgHovont7NscjpAxXsDA8S8BMYve8Y5+7cuRE7R0=
github.com/xeipuuv/gojsonreference v0.0.0-20180127040603-bd5ef7bd5415/go.mod h1:GwrjFmJcFw6At/Gs6z4yjiIwzuJ1/+UwLxMQDVQXShQ=
github.com/xeipuuv/gojsonschema v1.2.0 h1:LhYJRs+L4fBtjZUfuSZIKGeVu0QRy8e5Xi7D17UxZ74=
github.com/xeipuuv/gojsonschema v1.2.0/go.mod h1:anYRn/JVcOK2ZgGU+IjEV4nwlhoK5sQluxsYJ78Id3Y=
github.com/yuin/goldmark v1.4.13/go.mod h1:6yULJ656Px+3vBD8DxQVa3kxgyrAnzto9xy5taEt/CY=
github.com/zclconf/go-cty v1.13.2 h1:4GvrUxe/QUDYuJKAav4EYqdM47/kZa672LwmXFmEKT0=
github.com/zclconf/go-cty v1.13.2/go.mod h1:YKQzy/7pZ7iq2jNFzy5go57xdxdWoLLpaEp4u238AE0=
go.opentelemetry.io/otel v1.16.0 h1:Z7GVAX/UkAXPKsy94IU+i6thsQS4nb7LviLpnaNeW8s=
go.opentelemetry.io/otel v1.16.0/go.mod h1:vl0h9NUa1D5s1nv3A5vZOYWn8av4K8Ml6JDeHrT/bx4=
go.opentelemetry.io/otel/trace v1.16.0 h1:8JRpaObFoW0pxuVPapkgH8UhHQj+bJW8jJsCZEu5MQs=
go.opentelemetry.io/otel/trace v1.16.0/go.mod h1:Yt9vYq1SdNz3xdjZZK7wcXv1qv2pwLkqr2QVwea0ef0=
golang.org/x/crypto v0.0.0-20190308221718-c2843e01d9a2/go.mod h1:djNgcEr1/C05ACkg1iLfiJU5Ep61QUkGW8qpdssI0+w=
golang.org/x/crypto v0.0.0-20200414173820-0848c9571904/go.mod h1:LzIPMQfyMNhhGPhUkYOs5KpL4U8rLKemX1yGLhDgUto=
golang.org/x/crypto v0.0.0-20200820211705-5c72a883971a/go.mod h1:LzIPMQfyMNhhGPhUkYOs5KpL4U8rLKemX1yGLhDgUto=
golang.org/x/crypto v0.0.0-20210921155107-089bfa567519/go.mod h1:GvvjBRRGRdwPK5ydBHafDWAxML/pGHZbMvKqRZ5+Abc=
golang.org/x/crypto v0.11.0 h1:6Ewdq3tDic1mg5xRO4milcWCfMVQhI4NkqWWvqejpuA=
golang.org/x/crypto v0.11.0/go.mod h1:xgJhtzW8F9jGdVFWZESrid1U1bjeNy4zgy5cRr/CIio=
golang.org/x/exp v0.0.0-20230510235704-dd950f8aeaea h1:vLCWI/yYrdEHyN2JzIzPO3aaQJHQdp89IZBA/+azVC4=
golang.org/x/exp v0.0.0-20230510235704-dd950f8aeaea/go.mod h1:V1LtkGg67GoY2N1AnLN78QLrzxkLyJw7RJb1gzOOz9w=
golang.org/x/mod v0.6.0-dev.0.20220419223038-86c51ed26bb4/go.mod h1:jJ57K6gSWd91VN4djpZkiMVwK6gcyfeH4XE8wZrZaV4=
golang.org/x/mod v0.10.0 h1:lFO9qtOdlre5W1jxS3r/4szv2/6iXxScdzjoBMXNhYk=
golang.org/x/mod v0.10.0/go.mod h1:iBbtSCu2XBx23ZKBPSOrRkjjQPZFPuis4dIYUhu/chs=
golang.org/x/net v0.0.0-20190404232315-eb5bcb51f2a3/go.mod h1:t9HGtf8HONx5eT2rtn7q6eTqICYqUVnKs3thJo3Qplg=
golang.org/x/net v0.0.0-20190603091049-60506f45cf65/go.mod h1:HSz+uSET+XFnRR8LxR5pz3Of3rY3CfYBVs4xY44aLks=
golang.org/x/net v0.0.0-20190620200207-3b0461eec859/go.mod h1:z5CRVTTTmAJ677TzLLGU+0bjPO0LkuOLi4/5GtJWs/s=
golang.org/x/net v0.0.0-20210226172049-e18ecbb05110/go.mod h1:m0MpNAwzfU5UDzcl9v0D8zg8gWTRqZa9RBIspLL5mdg=
golang.org/x/net v0.0.0-20220722155237-a158d28d115b/go.mod h1:XRhObCWvk6IyKnWLug+ECip1KBveYUHfp+8e9klMJ9c=
golang.org/x/net v0.1.0/go.mod h1:Cx3nUiGt4eDBEyega/BKRp+/AlGL8hYe7U9odMt2Cco=
golang.org/x/net v0.11.0 h1:Gi2tvZIJyBtO9SDr1q9h5hEQCp/4L2RQ+ar0qjx2oNU=
golang.org/x/net v0.11.0/go.mod h1:2L/ixqYpgIVXmeoSA/4Lu7BzTG4KIyPIryS4IsOd1oQ=
golang.org/x/sync v0.0.0-20180314180146-1d60e4601c6f/go.mod h1:RxMgew5VJxzue5/jJTE5uejpjVlOe/izrB70Jof72aM=
golang.org/x/sync v0.0.0-20190423024810-112230192c58/go.mod h1:RxMgew5VJxzue5/jJTE5uejpjVlOe/izrB70Jof72aM=
golang.org/x/sync v0.0.0-20220722155255-886fb9371eb4/go.mod h1:RxMgew5VJxzue5/jJTE5uejpjVlOe/izrB70Jof72aM=
golang.org/x/sync v0.1.0 h1:wsuoTGHzEhffawBOhz5CYhcrV4IdKZbEyZjBMuTp12o=
golang.org/x/sys v0.0.0-20190215142949-d0b11bdaac8a/go.mod h1:STP8DvDyc/dI5b8T5hshtkjS+E42TnysNCUPdjciGhY=
golang.org/x/sys v0.0.0-20190412213103-97732733099d/go.mod h1:h1NjWce9XRLGQEsW7wpKNCjG9DtNlClVuFLEZdDNbEs=
golang.org/x/sys v0.0.0-20200116001909-b77594299b42/go.mod h1:h1NjWce9XRLGQEsW7wpKNCjG9DtNlClVuFLEZdDNbEs=
golang.org/x/sys v0.0.0-20200223170610-d5e6a3e2c0ae/go.mod h1:h1NjWce9XRLGQEsW7wpKNCjG9DtNlClVuFLEZdDNbEs=
golang.org/x/sys v0.0.0-20201119102817-f84b799fce68/go.mod h1:h1NjWce9XRLGQEsW7wpKNCjG9DtNlClVuFLEZdDNbEs=
golang.org/x/sys v0.0.0-20210615035016-665e8c7367d1/go.mod h1:oPkhp1MJrh7nUepCBck5+mAzfO9JrbApNNgaTdGDITg=
golang.org/x/sys v0.0.0-20210630005230-0f9fa26af87c/go.mod h1:oPkhp1MJrh7nUepCBck5+mAzfO9JrbApNNgaTdGDITg=
golang.org/x/sys v0.0.0-20210927094055-39ccf1dd6fa6/go.mod h1:oPkhp1MJrh7nUepCBck5+mAzfO9JrbApNNgaTdGDITg=
golang.org/x/sys v0.0.0-20211007075335-d3039528d8ac/go.mod h1:oPkhp1MJrh7nUepCBck5+mAzfO9JrbApNNgaTdGDITg=
golang.org/x/sys v0.0.0-20220503163025-988cb79eb6c6/go.mod h1:oPkhp1MJrh7nUepCBck5+mAzfO9JrbApNNgaTdGDITg=
golang.org/x/sys v0.0.0-20220520151302-bc2c85ada10a/go.mod h1:oPkhp1MJrh7nUepCBck5+mAzfO9JrbApNNgaTdGDITg=
golang.org/x/sys v0.0.0-20220722155257-8c9f86f7a55f/go.mod h1:oPkhp1MJrh7nUepCBck5+mAzfO9JrbApNNgaTdGDITg=
golang.org/x/sys v0.0.0-20220811171246-fbc7d0a398ab/go.mod h1:oPkhp1MJrh7nUepCBck5+mAzfO9JrbApNNgaTdGDITg=
golang.org/x/sys v0.1.0/go.mod h1:oPkhp1MJrh7nUepCBck5+mAzfO9JrbApNNgaTdGDITg=
golang.org/x/sys v0.10.0 h1:SqMFp9UcQJZa+pmYuAKjd9xq1f0j5rLcDIk0mj4qAsA=
golang.org/x/sys v0.10.0/go.mod h1:oPkhp1MJrh7nUepCBck5+mAzfO9JrbApNNgaTdGDITg=
golang.org/x/term v0.0.0-20201126162022-7de9c90e9dd1/go.mod h1:bj7SfCRtBDWHUb9snDiAeCFNEtKQo2Wmx5Cou7ajbmo=
golang.org/x/term v0.0.0-20210927222741-03fcf44c2211/go.mod h1:jbD1KX2456YbFQfuXm/mYQcufACuNUgVhRMnK/tPxf8=
golang.org/x/term v0.1.0/go.mod h1:jbD1KX2456YbFQfuXm/mYQcufACuNUgVhRMnK/tPxf8=
golang.org/x/term v0.10.0 h1:3R7pNqamzBraeqj/Tj8qt1aQ2HpmlC+Cx/qL/7hn4/c=
golang.org/x/text v0.3.0/go.mod h1:NqM8EUOU14njkJ3fqMW+pc6Ldnwhi/IjpwHt7yyuwOQ=
golang.org/x/text v0.3.2/go.mod h1:bEr9sfX3Q8Zfm5fL9x+3itogRgK3+ptLWKqgva+5dAk=
golang.org/x/text v0.3.3/go.mod h1:5Zoc/QRtKVWzQhOtBMvqHzDpF6irO9z98xDceosuGiQ=
golang.org/x/text v0.3.7/go.mod h1:u+2+/6zg+i71rQMx5EYifcz6MCKuco9NR6JIITiCfzQ=
golang.org/x/text v0.4.0/go.mod h1:mrYo+phRRbMaCq/xk9113O4dZlRixOauAjOtrjsXDZ8=
golang.org/x/text v0.11.0 h1:LAntKIrcmeSKERyiOh0XMV39LXS8IE9UL2yP7+f5ij4=
golang.org/x/text v0.11.0/go.mod h1:TvPlkZtksWOMsz7fbANvkp4WM8x/WCo/om8BMLbz+aE=
golang.org/x/tools v0.0.0-20180917221912-90fa682c2a6e/go.mod h1:n7NCudcB/nEzxVGmLbDWY5pfWTLqBcC2KZ6jyYvM4mQ=
golang.org/x/tools v0.0.0-20191119224855-298f0cb1881e/go.mod h1:b+2E5dAYhXwXZwtnZ6UAqBI28+e2cm9otk0dWdXHAEo=
golang.org/x/tools v0.1.12/go.mod h1:hNGJHUnrk76NpqgfD5Aqm5Crs+Hm0VOH/i9J2+nxYbc=
golang.org/x/tools v0.6.0 h1:BOw41kyTf3PuCW1pVQf8+Cyg8pMlkYB1oo9iJ6D/lKM=
golang.org/x/tools v0.6.0/go.mod h1:Xwgl3UAJ/d3gWutnCtw505GrjyAbvKui8lOU390QaIU=
golang.org/x/xerrors v0.0.0-20190717185122-a985d3407aa7/go.mod h1:I/5z698sn9Ka8TeJc9MKroUUfqBBauWjQqLJ2OPfmY0=
golang.org/x/xerrors v0.0.0-20191204190536-9bdfabe68543/go.mod h1:I/5z698sn9Ka8TeJc9MKroUUfqBBauWjQqLJ2OPfmY0=
google.golang.org/appengine v1.1.0/go.mod h1:EbEs0AVv82hx2wNQdGPgUI5lhzA/G0D9YwlJXL52JkM=
google.golang.org/appengine v1.6.7 h1:FZR1q0exgwxzPzp/aF+VccGrSfxfPpkBqjIIEq3ru6c=
google.golang.org/appengine v1.6.7/go.mod h1:8WjMMxjGQR8xUklV/ARdw2HLXBOI7O7uCIDZVag1xfc=
google.golang.org/genproto v0.0.0-20230410155749-daa745c078e1 h1:KpwkzHKEF7B9Zxg18WzOa7djJ+Ha5DzthMyZYQfEn2A=
google.golang.org/genproto v0.0.0-20230410155749-daa745c078e1/go.mod h1:nKE/iIaLqn2bQwXBg8f1g2Ylh6r5MN5CmZvuzZCgsCU=
google.golang.org/grpc v1.56.1 h1:z0dNfjIl0VpaZ9iSVjA6daGatAYwPGstTjt5vkRMFkQ=
google.golang.org/grpc v1.56.1/go.mod h1:I9bI3vqKfayGqPUAwGdOSu7kt6oIJLixfffKrpXqQ9s=
google.golang.org/protobuf v1.26.0-rc.1/go.mod h1:jlhhOSvTdKEhbULTjvd4ARK9grFBp09yW+WbY/TyQbw=
google.golang.org/protobuf v1.26.0/go.mod h1:9q0QmTI4eRPtz6boOQmLYwt+qCgq0jsYwAQnmE0givc=
google.golang.org/protobuf v1.31.0 h1:g0LDEJHgrBl9N9r17Ru3sqWhkIx2NB67okBHPwC7hs8=
google.golang.org/protobuf v1.31.0/go.mod h1:HV8QOd/L58Z+nl8r43ehVNZIU/HEI6OcFqwMG9pJV4I=
gopkg.in/check.v1 v0.0.0-20161208181325-20d25e280405/go.mod h1:Co6ibVJAznAaIkqp8huTwlJQCZ016jof/cbN4VW5Yz0=
gopkg.in/check.v1 v1.0.0-20180628173108-788fd7840127 h1:qIbj1fsPNlZgppZ+VLlY7N33q108Sa+fhmuc+sWQYwY=
gopkg.in/check.v1 v1.0.0-20180628173108-788fd7840127/go.mod h1:Co6ibVJAznAaIkqp8huTwlJQCZ016jof/cbN4VW5Yz0=
gopkg.in/dnaeon/go-vcr.v3 v3.1.2 h1:F1smfXBqQqwpVifDfUBQG6zzaGjzT+EnVZakrOdr5wA=
gopkg.in/dnaeon/go-vcr.v3 v3.1.2/go.mod h1:2IMOnnlx9I6u9x+YBsM3tAMx6AlOxnJ0pWxQAzZ79Ag=
gopkg.in/errgo.v2 v2.1.0/go.mod h1:hNsd1EY+bozCKY1Ytp96fpM3vjJbqLJn88ws8XvfDNI=
gopkg.in/warnings.v0 v0.1.2 h1:wFXVbFY8DY5/xOe1ECiWdKCzZlxgshcYVNkBHstARME=
gopkg.in/yaml.v2 v2.2.2/go.mod h1:hI93XBmqTisBFMUTm0b8Fm+jr3Dg1NNxqwp+5A1VGuI=
gopkg.in/yaml.v2 v2.2.8/go.mod h1:hI93XBmqTisBFMUTm0b8Fm+jr3Dg1NNxqwp+5A1VGuI=
gopkg.in/yaml.v2 v2.3.0/go.mod h1:hI93XBmqTisBFMUTm0b8Fm+jr3Dg1NNxqwp+5A1VGuI=
gopkg.in/yaml.v2 v2.4.0 h1:D8xgwECY7CYvx+Y2n4sBz93Jn9JRvxdiyyo8CTfuKaY=
gopkg.in/yaml.v2 v2.4.0/go.mod h1:RDklbk79AGWmwhnvt/jBztapEOGDOx6ZbXqjP6csGnQ=
gopkg.in/yaml.v3 v3.0.0-20200313102051-9f266ea9e77c/go.mod h1:K4uyk7z7BCEPqu6E+C64Yfv1cQ7kz7rIZviUmN+EgEM=
gopkg.in/yaml.v3 v3.0.0/go.mod h1:K4uyk7z7BCEPqu6E+C64Yfv1cQ7kz7rIZviUmN+EgEM=
gopkg.in/yaml.v3 v3.0.1 h1:fxVm/GzAzEWqLHuvctI91KS9hhNmmWOoWu0XTYJS7CA=
gopkg.in/yaml.v3 v3.0.1/go.mod h1:K4uyk7z7BCEPqu6E+C64Yfv1cQ7kz7rIZviUmN+EgEM=
syreclabs.com/go/faker v1.2.3 h1:HPrWtnHazIf0/bVuPZJLFrtHlBHk10hS0SB+mV8v6R4=
syreclabs.com/go/faker v1.2.3/go.mod h1:NAXInmkPsC2xuO5MKZFe80PUXX5LU8cFdJIHGs+nSBE=
